
Microsoft Visual Studio Solution File, Format Version 11.00
# Visual Studio 2010
Project("{FAE04EC0-301F-11D3-BF4B-00C04F79EFBC}") = "NLuaBox", "NLuaBox\NLuaBox.csproj", "{2429C7CC-737D-4596-91D8-CC8E747F3916}"
EndProject
Global
	GlobalSection(SolutionConfigurationPlatforms) = preSolution
		Debug|iPhoneSimulator = Debug|iPhoneSimulator
		Release|iPhoneSimulator = Release|iPhoneSimulator
		Debug|iPhone = Debug|iPhone
		Release|iPhone = Release|iPhone
		Ad-Hoc|iPhone = Ad-Hoc|iPhone
		AppStore|iPhone = AppStore|iPhone
	EndGlobalSection
	GlobalSection(ProjectConfigurationPlatforms) = postSolution
		{2429C7CC-737D-4596-91D8-CC8E747F3916}.Ad-Hoc|iPhone.ActiveCfg = Ad-Hoc|iPhone
		{2429C7CC-737D-4596-91D8-CC8E747F3916}.Ad-Hoc|iPhone.Build.0 = Ad-Hoc|iPhone
		{2429C7CC-737D-4596-91D8-CC8E747F3916}.AppStore|iPhone.ActiveCfg = AppStore|iPhone
		{2429C7CC-737D-4596-91D8-CC8E747F3916}.AppStore|iPhone.Build.0 = AppStore|iPhone
		{2429C7CC-737D-4596-91D8-CC8E747F3916}.Debug|iPhone.ActiveCfg = Debug|iPhone
		{2429C7CC-737D-4596-91D8-CC8E747F3916}.Debug|iPhone.Build.0 = Debug|iPhone
		{2429C7CC-737D-4596-91D8-CC8E747F3916}.Debug|iPhoneSimulator.ActiveCfg = Debug|iPhoneSimulator
		{2429C7CC-737D-4596-91D8-CC8E747F3916}.Debug|iPhoneSimulator.Build.0 = Debug|iPhoneSimulator
		{2429C7CC-737D-4596-91D8-CC8E747F3916}.Release|iPhone.ActiveCfg = Release|iPhone
		{2429C7CC-737D-4596-91D8-CC8E747F3916}.Release|iPhone.Build.0 = Release|iPhone
		{2429C7CC-737D-4596-91D8-CC8E747F3916}.Release|iPhoneSimulator.ActiveCfg = Release|iPhoneSimulator
		{2429C7CC-737D-4596-91D8-CC8E747F3916}.Release|iPhoneSimulator.Build.0 = Release|iPhoneSimulator
	EndGlobalSection
	GlobalSection(MonoDevelopProperties) = preSolution
		StartupItem = NLuaBox\NLuaBox.csproj
	EndGlobalSection
EndGlobal
