
Microsoft Visual Studio Solution File, Format Version 12.00
# Visual Studio 15
Project("{FAE04EC0-301F-11D3-BF4B-00C04F79EFBC}") = "NLuaBox", "NLuaBox\NLuaBox.csproj", "{2579D12C-0B64-412F-82DD-322636785542}"
EndProject
Global
	GlobalSection(SolutionConfigurationPlatforms) = preSolution
		Debug|iPhoneSimulator = Debug|iPhoneSimulator
		Release|iPhone = Release|iPhone
		Release|iPhoneSimulator = Release|iPhoneSimulator
		Debug|iPhone = Debug|iPhone
	EndGlobalSection
	GlobalSection(ProjectConfigurationPlatforms) = postSolution
		{2579D12C-0B64-412F-82DD-322636785542}.Debug|iPhoneSimulator.ActiveCfg = Debug|iPhoneSimulator
		{2579D12C-0B64-412F-82DD-322636785542}.Debug|iPhoneSimulator.Build.0 = Debug|iPhoneSimulator
		{2579D12C-0B64-412F-82DD-322636785542}.Release|iPhone.ActiveCfg = Release|iPhone
		{2579D12C-0B64-412F-82DD-322636785542}.Release|iPhone.Build.0 = Release|iPhone
		{2579D12C-0B64-412F-82DD-322636785542}.Release|iPhoneSimulator.ActiveCfg = Release|iPhoneSimulator
		{2579D12C-0B64-412F-82DD-322636785542}.Release|iPhoneSimulator.Build.0 = Release|iPhoneSimulator
		{2579D12C-0B64-412F-82DD-322636785542}.Debug|iPhone.ActiveCfg = Debug|iPhone
		{2579D12C-0B64-412F-82DD-322636785542}.Debug|iPhone.Build.0 = Debug|iPhone
	EndGlobalSection
EndGlobal
